
Microsoft Visual Studio Solution File, Format Version 12.00
# Visual Studio Version 17
VisualStudioVersion = 17.13.35931.197 d17.13
MinimumVisualStudioVersion = 10.0.40219.1
Project("{54A90642-561A-4BB1-A94E-469ADEE60C69}") = "ApiTarefas", "ApiTarefas\ApiTarefas.esproj", "{2D5E4C51-8665-90CC-E5B0-240B8BA12147}"
EndProject
Global
	GlobalSection(SolutionConfigurationPlatforms) = preSolution
		Debug|Any CPU = Debug|Any CPU
		Release|Any CPU = Release|Any CPU
	EndGlobalSection
	GlobalSection(ProjectConfigurationPlatforms) = postSolution
		{2D5E4C51-8665-90CC-E5B0-240B8BA12147}.Debug|Any CPU.ActiveCfg = Debug|Any CPU
		{2D5E4C51-8665-90CC-E5B0-240B8BA12147}.Debug|Any CPU.Build.0 = Debug|Any CPU
		{2D5E4C51-8665-90CC-E5B0-240B8BA12147}.Debug|Any CPU.Deploy.0 = Debug|Any CPU
		{2D5E4C51-8665-90CC-E5B0-240B8BA12147}.Release|Any CPU.ActiveCfg = Release|Any CPU
		{2D5E4C51-8665-90CC-E5B0-240B8BA12147}.Release|Any CPU.Build.0 = Release|Any CPU
		{2D5E4C51-8665-90CC-E5B0-240B8BA12147}.Release|Any CPU.Deploy.0 = Release|Any CPU
	EndGlobalSection
	GlobalSection(SolutionProperties) = preSolution
		HideSolutionNode = FALSE
	EndGlobalSection
	GlobalSection(ExtensibilityGlobals) = postSolution
		SolutionGuid = {A494A1FA-9651-471D-B76C-EE7A35F2DDAA}
	EndGlobalSection
EndGlobal
